
Microsoft Visual Studio Solution File, Format Version 12.00
# Visual Studio Version 16
VisualStudioVersion = 16.0.30320.27
MinimumVisualStudioVersion = 10.0.40219.1
Project("{FAE04EC0-301F-11D3-BF4B-00C04F79EFBC}") = "vsproject", "vsproject\vsproject.csproj", "{1556C5FE-825B-4959-8A17-B9B9A5DE9AC5}"
EndProject
Global
	GlobalSection(SolutionConfigurationPlatforms) = preSolution
		Debug|Any CPU = Debug|Any CPU
		Release|Any CPU = Release|Any CPU
	EndGlobalSection
	GlobalSection(ProjectConfigurationPlatforms) = postSolution
		{1556C5FE-825B-4959-8A17-B9B9A5DE9AC5}.Debug|Any CPU.ActiveCfg = Debug|Any CPU
		{1556C5FE-825B-4959-8A17-B9B9A5DE9AC5}.Debug|Any CPU.Build.0 = Debug|Any CPU
		{1556C5FE-825B-4959-8A17-B9B9A5DE9AC5}.Release|Any CPU.ActiveCfg = Release|Any CPU
		{1556C5FE-825B-4959-8A17-B9B9A5DE9AC5}.Release|Any CPU.Build.0 = Release|Any CPU
	EndGlobalSection
	GlobalSection(SolutionProperties) = preSolution
		HideSolutionNode = FALSE
	EndGlobalSection
	GlobalSection(ExtensibilityGlobals) = postSolution
		SolutionGuid = {04ECE627-622E-4331-80FF-0E65417925B0}
	EndGlobalSection
EndGlobal
